
Microsoft Visual Studio Solution File, Format Version 12.00
# Visual Studio Version 17
VisualStudioVersion = 17.5.002.0
MinimumVisualStudioVersion = 10.0.40219.1
Project("{9A19103F-16F7-4668-BE54-9A1E7A4F7556}") = "PlatformService", "PlatformService.csproj", "{47834D9D-21D2-4FD4-9476-A7E490CEC868}"
EndProject
Global
	GlobalSection(SolutionConfigurationPlatforms) = preSolution
		Debug|Any CPU = Debug|Any CPU
		Release|Any CPU = Release|Any CPU
	EndGlobalSection
	GlobalSection(ProjectConfigurationPlatforms) = postSolution
		{47834D9D-21D2-4FD4-9476-A7E490CEC868}.Debug|Any CPU.ActiveCfg = Debug|Any CPU
		{47834D9D-21D2-4FD4-9476-A7E490CEC868}.Debug|Any CPU.Build.0 = Debug|Any CPU
		{47834D9D-21D2-4FD4-9476-A7E490CEC868}.Release|Any CPU.ActiveCfg = Release|Any CPU
		{47834D9D-21D2-4FD4-9476-A7E490CEC868}.Release|Any CPU.Build.0 = Release|Any CPU
	EndGlobalSection
	GlobalSection(SolutionProperties) = preSolution
		HideSolutionNode = FALSE
	EndGlobalSection
	GlobalSection(ExtensibilityGlobals) = postSolution
		SolutionGuid = {D539A2A0-B55D-43F5-85C9-B41F2BA1DDA4}
	EndGlobalSection
EndGlobal
